{"filter":false,"title":"Gemfile.lock","tooltip":"/Bookers2-no-2-main/Gemfile.lock","ace":{"folds":[],"scrolltop":3643,"scrollleft":0,"selection":{"start":{"row":0,"column":0},"end":{"row":0,"column":0},"isBackwards":false},"options":{"guessTabSize":true,"useWrapMode":false,"wrapToView":true},"firstLineState":{"row":49,"state":"start","mode":"ace/mode/text"}},"hash":"3454c4e342475a5acc14e5cf269f50bae06e197d","mime":"application/octet-stream","undoManager":{"mark":-1,"position":-1,"stack":[]},"timestamp":1635839002631}